{
  "name": "b2b-marketplace",
  "lockfileVersion": 3,
  "requires": true,
  "packages": {
    "": {
      "dependencies": {
        "@angular/cdk": "^20.2.7",
        "@angular/material": "^20.2.7",
        "@ngx-translate/core": "^17.0.0",
        "@ngx-translate/http-loader": "^17.0.0",
        "ng-zorro-antd": "^20.3.1"
      }
    },
    "node_modules/@angular/animations": {
      "version": "20.3.3",
      "resolved": "https://registry.npmjs.org/@angular/animations/-/animations-20.3.3.tgz",
      "integrity": "sha512-nXpe1sAhMbQm4VTKhnP/zL2w5s2Kxjr9bZ7krOSTtyO9Wxjhd7oJN4mgCVRa80oEMheiDTmanPaMFLEN0pzang==",
      "license": "MIT",
      "peer": true,
      "dependencies": {
        "tslib": "^2.3.0"
      },
      "engines": {
        "node": "^20.19.0 || ^22.12.0 || >=24.0.0"
      },
      "peerDependencies": {
        "@angular/core": "20.3.3"
      }
    },
    "node_modules/@angular/cdk": {
      "version": "20.2.7",
      "resolved": "https://registry.npmjs.org/@angular/cdk/-/cdk-20.2.7.tgz",
      "integrity": "sha512-QTqxPJSMXyjaswtpUrziwdoKRhqT2P9/Ascwzjg8T/SofV1850pc3YmonoOFrurYrmd4plZzWdr7raGcBWIh/Q==",
      "license": "MIT",
      "dependencies": {
        "parse5": "^8.0.0",
        "tslib": "^2.3.0"
      },
      "peerDependencies": {
        "@angular/common": "^20.0.0 || ^21.0.0",
        "@angular/core": "^20.0.0 || ^21.0.0",
        "rxjs": "^6.5.3 || ^7.4.0"
      }
    },
    "node_modules/@angular/common": {
      "version": "20.3.3",
      "resolved": "https://registry.npmjs.org/@angular/common/-/common-20.3.3.tgz",
      "integrity": "sha512-iArFCXvgYJCpxLZv8o6rV7Cxuqv1hbndoeUmQgL7ekXwVS6BA49VErXbTPM+pfhAJ+v1fc/DG3rzBwXk3eW2lw==",
      "license": "MIT",
      "peer": true,
      "dependencies": {
        "tslib": "^2.3.0"
      },
      "engines": {
        "node": "^20.19.0 || ^22.12.0 || >=24.0.0"
      },
      "peerDependencies": {
        "@angular/core": "20.3.3",
        "rxjs": "^6.5.3 || ^7.4.0"
      }
    },
    "node_modules/@angular/core": {
      "version": "20.3.3",
      "resolved": "https://registry.npmjs.org/@angular/core/-/core-20.3.3.tgz",
      "integrity": "sha512-AWBCixxw4N9VgKT1uwrRPr1dH3CpT/ffcCsXJQ8TjzsKYjVBkXVht5OjtxJOWOQ2KaHwsGFEmDMv9fc1BHDFhQ==",
      "license": "MIT",
      "peer": true,
      "dependencies": {
        "tslib": "^2.3.0"
      },
      "engines": {
        "node": "^20.19.0 || ^22.12.0 || >=24.0.0"
      },
      "peerDependencies": {
        "@angular/compiler": "20.3.3",
        "rxjs": "^6.5.3 || ^7.4.0",
        "zone.js": "~0.15.0"
      },
      "peerDependenciesMeta": {
        "@angular/compiler": {
          "optional": true
        },
        "zone.js": {
          "optional": true
        }
      }
    },
    "node_modules/@angular/forms": {
      "version": "20.3.3",
      "resolved": "https://registry.npmjs.org/@angular/forms/-/forms-20.3.3.tgz",
      "integrity": "sha512-Rv3sO1vOAbw03IRK30CB45eucxZ1rI0Jyaa6QVmDlOzQ4bktkanbGxQtaxBdc9bKPBO1SVx27eTbStR7i3BNRg==",
      "license": "MIT",
      "peer": true,
      "dependencies": {
        "tslib": "^2.3.0"
      },
      "engines": {
        "node": "^20.19.0 || ^22.12.0 || >=24.0.0"
      },
      "peerDependencies": {
        "@angular/common": "20.3.3",
        "@angular/core": "20.3.3",
        "@angular/platform-browser": "20.3.3",
        "rxjs": "^6.5.3 || ^7.4.0"
      }
    },
    "node_modules/@angular/material": {
      "version": "20.2.7",
      "resolved": "https://registry.npmjs.org/@angular/material/-/material-20.2.7.tgz",
      "integrity": "sha512-VXsP5qkQQ3sCGkSHsgDku/OVlunGsqssOM057foOKJuajECsI3ZpGuLJ13nvLm9Z147UZOZfP463ixZIjd4XuQ==",
      "license": "MIT",
      "dependencies": {
        "tslib": "^2.3.0"
      },
      "peerDependencies": {
        "@angular/cdk": "20.2.7",
        "@angular/common": "^20.0.0 || ^21.0.0",
        "@angular/core": "^20.0.0 || ^21.0.0",
        "@angular/forms": "^20.0.0 || ^21.0.0",
        "@angular/platform-browser": "^20.0.0 || ^21.0.0",
        "rxjs": "^6.5.3 || ^7.4.0"
      }
    },
    "node_modules/@angular/platform-browser": {
      "version": "20.3.3",
      "resolved": "https://registry.npmjs.org/@angular/platform-browser/-/platform-browser-20.3.3.tgz",
      "integrity": "sha512-RUWpg49GnXdINjomRFrE/SRioxEehYqUzDVskDWddNeNhV9Z21zeC6Ao2i5q8UKq0y/oq2ShX7XFLprxqLoLnQ==",
      "license": "MIT",
      "peer": true,
      "dependencies": {
        "tslib": "^2.3.0"
      },
      "engines": {
        "node": "^20.19.0 || ^22.12.0 || >=24.0.0"
      },
      "peerDependencies": {
        "@angular/animations": "20.3.3",
        "@angular/common": "20.3.3",
        "@angular/core": "20.3.3"
      },
      "peerDependenciesMeta": {
        "@angular/animations": {
          "optional": true
        }
      }
    },
    "node_modules/@angular/router": {
      "version": "20.3.3",
      "resolved": "https://registry.npmjs.org/@angular/router/-/router-20.3.3.tgz",
      "integrity": "sha512-IrO5GY/vmaWwNdfR51xswNnBSxeEuvQAUqK3H0UNxhZlIE9gUS6pbbSidGGrQOZK+i0nd/rDz7j+RV7h2NK9aA==",
      "license": "MIT",
      "peer": true,
      "dependencies": {
        "tslib": "^2.3.0"
      },
      "engines": {
        "node": "^20.19.0 || ^22.12.0 || >=24.0.0"
      },
      "peerDependencies": {
        "@angular/common": "20.3.3",
        "@angular/core": "20.3.3",
        "@angular/platform-browser": "20.3.3",
        "rxjs": "^6.5.3 || ^7.4.0"
      }
    },
    "node_modules/@ant-design/colors": {
      "version": "7.2.1",
      "resolved": "https://registry.npmjs.org/@ant-design/colors/-/colors-7.2.1.tgz",
      "integrity": "sha512-lCHDcEzieu4GA3n8ELeZ5VQ8pKQAWcGGLRTQ50aQM2iqPpq2evTxER84jfdPvsPAtEcZ7m44NI45edFMo8oOYQ==",
      "license": "MIT",
      "dependencies": {
        "@ant-design/fast-color": "^2.0.6"
      }
    },
    "node_modules/@ant-design/fast-color": {
      "version": "2.0.6",
      "resolved": "https://registry.npmjs.org/@ant-design/fast-color/-/fast-color-2.0.6.tgz",
      "integrity": "sha512-y2217gk4NqL35giHl72o6Zzqji9O7vHh9YmhUVkPtAOpoTCH4uWxo/pr4VE8t0+ChEPs0qo4eJRC5Q1eXWo3vA==",
      "license": "MIT",
      "dependencies": {
        "@babel/runtime": "^7.24.7"
      },
      "engines": {
        "node": ">=8.x"
      }
    },
    "node_modules/@ant-design/icons-angular": {
      "version": "20.0.0",
      "resolved": "https://registry.npmjs.org/@ant-design/icons-angular/-/icons-angular-20.0.0.tgz",
      "integrity": "sha512-KMTytjYxprCI/oOEs0KoxNUsT5g+DVCp5JMMgDOSlSpyTpWg5P54kea0398v8urr4QJFpoCucJshFZ8+uv67cA==",
      "license": "MIT",
      "dependencies": {
        "@ant-design/colors": "^7.0.0",
        "tslib": "^2.0.0"
      },
      "peerDependencies": {
        "@angular/common": "^20.0.0",
        "@angular/core": "^20.0.0",
        "@angular/platform-browser": "^20.0.0",
        "rxjs": "^6.5.3 || ^7.4.0"
      }
    },
    "node_modules/@babel/runtime": {
      "version": "7.28.4",
      "resolved": "https://registry.npmjs.org/@babel/runtime/-/runtime-7.28.4.tgz",
      "integrity": "sha512-Q/N6JNWvIvPnLDvjlE1OUBLPQHH6l3CltCEsHIujp45zQUSSh8K+gHnaEX45yAT1nyngnINhvWtzN+Nb9D8RAQ==",
      "license": "MIT",
      "engines": {
        "node": ">=6.9.0"
      }
    },
    "node_modules/@ctrl/tinycolor": {
      "version": "3.6.1",
      "resolved": "https://registry.npmjs.org/@ctrl/tinycolor/-/tinycolor-3.6.1.tgz",
      "integrity": "sha512-SITSV6aIXsuVNV3f3O0f2n/cgyEDWoSqtZMYiAmcsYHydcKrOz3gUxB/iXd/Qf08+IZX4KpgNbvUdMBmWz+kcA==",
      "license": "MIT",
      "engines": {
        "node": ">=10"
      }
    },
    "node_modules/@ngx-translate/core": {
      "version": "17.0.0",
      "resolved": "https://registry.npmjs.org/@ngx-translate/core/-/core-17.0.0.tgz",
      "integrity": "sha512-Rft2D5ns2pq4orLZjEtx1uhNuEBerUdpFUG1IcqtGuipj6SavgB8SkxtNQALNDA+EVlvsNCCjC2ewZVtUeN6rg==",
      "license": "MIT",
      "dependencies": {
        "tslib": "^2.3.0"
      },
      "peerDependencies": {
        "@angular/common": ">=16",
        "@angular/core": ">=16"
      }
    },
    "node_modules/@ngx-translate/http-loader": {
      "version": "17.0.0",
      "resolved": "https://registry.npmjs.org/@ngx-translate/http-loader/-/http-loader-17.0.0.tgz",
      "integrity": "sha512-hgS8sa0ARjH9ll3PhkLTufeVXNI2DNR2uFKDhBgq13siUXzzVr/a31M6zgecrtwbA34iaBV01hsTMbMS8V7iIw==",
      "license": "MIT",
      "dependencies": {
        "tslib": "^2.3.0"
      },
      "peerDependencies": {
        "@angular/common": ">=16",
        "@angular/core": ">=16"
      }
    },
    "node_modules/date-fns": {
      "version": "2.30.0",
      "resolved": "https://registry.npmjs.org/date-fns/-/date-fns-2.30.0.tgz",
      "integrity": "sha512-fnULvOpxnC5/Vg3NCiWelDsLiUc9bRwAPs/+LfTLNvetFCtCTN+yQz15C/fs4AwX1R9K5GLtLfn8QW+dWisaAw==",
      "license": "MIT",
      "dependencies": {
        "@babel/runtime": "^7.21.0"
      },
      "engines": {
        "node": ">=0.11"
      },
      "funding": {
        "type": "opencollective",
        "url": "https://opencollective.com/date-fns"
      }
    },
    "node_modules/entities": {
      "version": "6.0.1",
      "resolved": "https://registry.npmjs.org/entities/-/entities-6.0.1.tgz",
      "integrity": "sha512-aN97NXWF6AWBTahfVOIrB/NShkzi5H7F9r1s9mD3cDj4Ko5f2qhhVoYMibXF7GlLveb/D2ioWay8lxI97Ven3g==",
      "license": "BSD-2-Clause",
      "engines": {
        "node": ">=0.12"
      },
      "funding": {
        "url": "https://github.com/fb55/entities?sponsor=1"
      }
    },
    "node_modules/ng-zorro-antd": {
      "version": "20.3.1",
      "resolved": "https://registry.npmjs.org/ng-zorro-antd/-/ng-zorro-antd-20.3.1.tgz",
      "integrity": "sha512-VCFJcowMlXQnDaMBzjHk7kM/GEcmOmRmXTUCc1ANZH4FSGQMJfY7RoprG+gbPcfV83E2oxre+y5CDNuDOt9dOw==",
      "license": "MIT",
      "dependencies": {
        "@angular/cdk": "^20.0.0",
        "@ant-design/icons-angular": "^20.0.0",
        "@ctrl/tinycolor": "^3.6.0",
        "date-fns": "^2.16.1",
        "tslib": "^2.3.0"
      },
      "peerDependencies": {
        "@angular/animations": "^20.0.0",
        "@angular/common": "^20.0.0",
        "@angular/core": "^20.0.0",
        "@angular/forms": "^20.0.0",
        "@angular/platform-browser": "^20.0.0",
        "@angular/router": "^20.0.0"
      }
    },
    "node_modules/parse5": {
      "version": "8.0.0",
      "resolved": "https://registry.npmjs.org/parse5/-/parse5-8.0.0.tgz",
      "integrity": "sha512-9m4m5GSgXjL4AjumKzq1Fgfp3Z8rsvjRNbnkVwfu2ImRqE5D0LnY2QfDen18FSY9C573YU5XxSapdHZTZ2WolA==",
      "license": "MIT",
      "dependencies": {
        "entities": "^6.0.0"
      },
      "funding": {
        "url": "https://github.com/inikulin/parse5?sponsor=1"
      }
    },
    "node_modules/rxjs": {
      "version": "7.8.2",
      "resolved": "https://registry.npmjs.org/rxjs/-/rxjs-7.8.2.tgz",
      "integrity": "sha512-dhKf903U/PQZY6boNNtAGdWbG85WAbjT/1xYoZIC7FAY0yWapOBQVsVrDl58W86//e1VpMNBtRV4MaXfdMySFA==",
      "license": "Apache-2.0",
      "peer": true,
      "dependencies": {
        "tslib": "^2.1.0"
      }
    },
    "node_modules/tslib": {
      "version": "2.8.1",
      "resolved": "https://registry.npmjs.org/tslib/-/tslib-2.8.1.tgz",
      "integrity": "sha512-oJFu94HQb+KVduSUQL7wnpmqnfmLsOA/nAh6b6EH0wCEoK0/mPeXU6c3wKDV83MkOuHPRHtSXKKU99IBazS/2w==",
      "license": "0BSD"
    }
  }
}
