{
  "name": "p4-frontend",
  "version": "0.0.0",
  "lockfileVersion": 3,
  "requires": true,
  "packages": {
    "": {
      "name": "p4-frontend",
      "version": "0.0.0",
      "dependencies": {
        "@angular/common": "^20.3.0",
        "@angular/compiler": "^20.3.0",
        "@angular/core": "^20.3.0",
        "@angular/forms": "^20.3.0",
        "@angular/platform-browser": "^20.3.0",
        "@angular/router": "^20.3.0",
        "rxjs": "~7.8.0",
        "tslib": "^2.3.0",
        "zone.js": "~0.15.0"
      },
      "devDependencies": {
        "@angular/build": "^20.3.3",
        "@angular/cli": "^20.3.3",
        "@angular/compiler-cli": "^20.3.0",
        "@nx/angular": "21.6.3",
        "@nx/workspace": "21.6.3",
        "@schematics/angular": "^20.3.3",
        "@types/jasmine": "~5.1.0",
        "@types/node": "^18.18.0",
        "jasmine-core": "~5.9.0",
        "karma": "~6.4.0",
        "karma-chrome-launcher": "~3.2.0",
        "karma-coverage": "~2.2.0",
        "karma-jasmine": "~5.1.0",
        "karma-jasmine-html-reporter": "~2.1.0",
        "nx": "21.6.3",
        "typescript": "~5.9.2"
      }
    },
    "@types/node": {
      "version": "18.19.129",
      "resolved": "https://registry.npmjs.org/@types/node/-/node-18.19.129.tgz",
      "integrity": "sha512-hs3Tz14ZMlQKvQ50eLrj3Q4w2Yz2bF+XZs2z+QxkXZqg9vF0P0s1M0f+6sTJ4Yk6J3rRwR4r6UJHmVZK0xvDfUA==",
      "dev": true,
      "dependencies": {
        "undici-types": "~5.26.4"
      }
    },
    "undici-types": {
      "version": "5.26.5",
      "resolved": "https://registry.npmjs.org/undici-types/-/undici-types-5.26.5.tgz",
      "integrity": "sha512-JlCMO+ehdEIKqlFxk6IfVoAUVmgz7cU7zD/h9XZ0qzeosSHmUJVOzSQvvYSYWXkFXC+IfLKSIffhv0sVZup6pA==",
      "dev": true
    },
    "nx": {
      "version": "21.6.3",
      "resolved": "https://registry.npmjs.org/nx/-/nx-21.6.3.tgz",
      "integrity": "sha512-4D1j16E6Uv3v2M84uTzW7YD+LWw4sR02XlqIbRdXqzVcY0Y1kZc9JZdW2Qy+8XoB5N4hXwV0r2Y0HwJzZpCqX1g==",
      "dev": true,
      "hasInstallScript": true,
      "dependencies": {
        "@napi-rs/wasm-runtime": "0.2.4",
        "@nx/nx-darwin-arm64": "21.6.3",
        "@nx/nx-darwin-x64": "21.6.3",
        "@nx/nx-freebsd-x64": "21.6.3",
        "@nx/nx-linux-arm-gnueabihf": "21.6.3",
        "@nx/nx-linux-arm64-gnu": "21.6.3",
        "@nx/nx-linux-arm64-musl": "21.6.3",
        "@nx/nx-linux-x64-gnu": "21.6.3",
        "@nx/nx-linux-x64-musl": "21.6.3",
        "@nx/nx-win32-arm64-msvc": "21.6.3",
        "@nx/nx-win32-x64-msvc": "21.6.3",
        "@yarnpkg/parsers": "^3.0.2",
        "@yarnpkg/lockfile": "^1.1.0",
        "axios": "^1.7.4",
        "chalk": "^4.1.0",
        "cli-cursor": "^3.1.0",
        "cli-spinners": "^2.6.1",
        "cliui": "^8.0.1",
        "dotenv": "~16.4.5",
        "dotenv-expand": "~11.0.6",
        "enquirer": "^2.3.6",
        "figures": "^3.2.0",
        "flat": "^5.0.2",
        "front-matter": "^4.0.2",
        "ignore": "^5.0.4",
        "jest-diff": "^29.4.1",
        "jsonc-parser": "^3.2.0",
        "lines-and-columns": "^2.0.3",
        "minimatch": "^9.0.3",
        "node-machine-id": "^1.1.10",
        "npm-run-path": "^4.0.1",
        "open": "^8.4.0",
        "ora": "5.3.0",
        "semver": "^7.5.3",
        "string-width": "^4.2.3",
        "tar-stream": "~2.2.0",
        "tmp": "~0.2.1",
        "tsconfig-paths": "^4.1.2",
        "tslib": "^2.4.0",
        "yargs": "^17.7.2",
        "yargs-parser": "21.1.1"
      },
      "bin": {
        "nx": "bin/nx.js",
        "nx-cloud": "bin/nx-cloud.js"
      },
      "optionalDependencies": {
        "@nx/nx-darwin-arm64": "21.6.3",
        "@nx/nx-darwin-x64": "21.6.3",
        "@nx/nx-freebsd-x64": "21.6.3",
        "@nx/nx-linux-arm-gnueabihf": "21.6.3",
        "@nx/nx-linux-arm64-gnu": "21.6.3",
        "@nx/nx-linux-arm64-musl": "21.6.3",
        "@nx/nx-linux-x64-gnu": "21.6.3",
        "@nx/nx-linux-x64-musl": "21.6.3",
        "@nx/nx-win32-arm64-msvc": "21.6.3",
        "@nx/nx-win32-x64-msvc": "21.6.3"
      }
    },
    "@nx/angular": {
      "version": "21.6.3",
      "resolved": "https://registry.npmjs.org/@nx/angular/-/angular-21.6.3.tgz",
      "integrity": "sha512-CRqJZ7zHg8xvQrQw60Vl+o2137Y9zZQcH+XoFq3k3K7kZ5qj04g02yWxN1y7Z4r16VQ+62o3qQ8gZwL2BjQ3yJw==",
      "dev": true,
      "dependencies": {
        "@nx/devkit": "21.6.3",
        "@nx/eslint": "21.6.3",
        "@nx/js": "21.6.3",
        "@nx/module-federation": "21.6.3",
        "@nx/web": "21.6.3",
        "@nx/webpack": "21.6.3",
        "@nx/workspace": "21.6.3",
        "@phenomnomnominal/tsquery": "~5.0.1",
        "@typescript-eslint/type-utils": "^8.0.0",
        "chalk": "^4.1.0",
        "enquirer": "^2.3.6",
        "minimatch": "^9.0.3",
        "picomatch": "^4.0.1",
        "webpack-merge": "^5.8.0"
      },
      "peerDependencies": {
        "@angular-devkit/build-angular": ">= 17.0.0 < 21.0.0",
        "@angular-devkit/core": ">= 17.0.0 < 21.0.0",
        "@angular-devkit/schematics": ">= 17.0.0 < 21.0.0",
        "@schematics/angular": ">= 17.0.0 < 21.0.0",
        "rxjs": "^6.5.3 || ^7.5.0"
      }
    },
    "@nx/workspace": {
      "version": "21.6.3",
      "resolved": "https://registry.npmjs.org/@nx/workspace/-/workspace-21.6.3.tgz",
      "integrity": "sha512-1J7w+8s3g7g5Q5k2T7DfZ1fPqX7ZtXh58iB6Yj51YXnYrYwvYXVJh5X9B3QrLzJvXhVQ9k84M74V2m60z4Kgk3w==",
      "dev": true,
      "dependencies": {
        "@nx/devkit": "21.6.3",
        "chalk": "^4.1.0",
        "enquirer": "^2.3.6",
        "minimatch": "^9.0.3",
        "nx": "21.6.3",
        "tslib": "^2.4.0",
        "yargs-parser": "21.1.1"
      }
    },
    "rollup": {
      "version": "4.52.4",
      "resolved": "https://registry.npmjs.org/rollup/-/rollup-4.52.4.tgz",
      "integrity": "sha512-K2zW7kV8VnsYL2OIHzN9JXf80HKt92rF3nJm898eXVw0ka68fG0a/yj12Zq334+u7H2ROzSij+8LEpMM9e2s5w==",
      "dev": true,
      "bin": {
        "rollup": "dist/bin/rollup"
      },
      "engines": {
        "node": ">=18.0.0",
        "npm": ">=8.0.0"
      },
      "optionalDependencies": {
        "@rollup/rollup-android-arm-eabi": "4.52.4",
        "@rollup/rollup-android-arm64": "4.52.4",
        "@rollup/rollup-darwin-arm64": "4.52.4",
        "@rollup/rollup-darwin-x64": "4.52.4",
        "@rollup/rollup-freebsd-arm64": "4.52.4",
        "@rollup/rollup-freebsd-x64": "4.52.4",
        "@rollup/rollup-linux-arm-gnueabihf": "4.52.4",
        "@rollup/rollup-linux-arm-musleabihf": "4.52.4",
        "@rollup/rollup-linux-arm64-gnu": "4.52.4",
        "@rollup/rollup-linux-arm64-musl": "4.52.4",
        "@rollup/rollup-linux-loong64-gnu": "4.52.4",
        "@rollup/rollup-linux-ppc64-gnu": "4.52.4",
        "@rollup/rollup-linux-riscv64-gnu": "4.52.4",
        "@rollup/rollup-linux-riscv64-musl": "4.52.4",
        "@rollup/rollup-linux-s390x-gnu": "4.52.4",
        "@rollup/rollup-linux-x64-gnu": "4.52.4",
        "@rollup/rollup-linux-x64-musl": "4.52.4",
        "@rollup/rollup-openharmony-arm64": "4.52.4",
        "@rollup/rollup-win32-arm64-msvc": "4.52.4",
        "@rollup/rollup-win32-ia32-msvc": "4.52.4",
        "@rollup/rollup-win32-x64-gnu": "4.52.4",
        "@rollup/rollup-win32-x64-msvc": "4.52.4",
        "fsevents": "~2.3.2"
      }
    }
  }
}